
Microsoft Visual Studio Solution File, Format Version 12.00
# Visual Studio 15
VisualStudioVersion = 15.0.28307.572
MinimumVisualStudioVersion = 10.0.40219.1
Project("{FAE04EC0-301F-11D3-BF4B-00C04F79EFBC}") = "VectorIconExample", "VectorIconExample\VectorIconExample.csproj", "{8F1A7128-7828-4EA5-8398-1E20C71790A6}"
EndProject
Global
	GlobalSection(SolutionConfigurationPlatforms) = preSolution
		Debug|Any CPU = Debug|Any CPU
		Release|Any CPU = Release|Any CPU
	EndGlobalSection
	GlobalSection(ProjectConfigurationPlatforms) = postSolution
		{8F1A7128-7828-4EA5-8398-1E20C71790A6}.Debug|Any CPU.ActiveCfg = Debug|Any CPU
		{8F1A7128-7828-4EA5-8398-1E20C71790A6}.Debug|Any CPU.Build.0 = Debug|Any CPU
		{8F1A7128-7828-4EA5-8398-1E20C71790A6}.Release|Any CPU.ActiveCfg = Release|Any CPU
		{8F1A7128-7828-4EA5-8398-1E20C71790A6}.Release|Any CPU.Build.0 = Release|Any CPU
	EndGlobalSection
	GlobalSection(SolutionProperties) = preSolution
		HideSolutionNode = FALSE
	EndGlobalSection
	GlobalSection(ExtensibilityGlobals) = postSolution
		SolutionGuid = {38AF5556-AFF3-40C1-A157-61CA94E72904}
	EndGlobalSection
EndGlobal
